
Microsoft Visual Studio Solution File, Format Version 12.00
# Visual Studio Version 17
VisualStudioVersion = 17.14.36429.23
MinimumVisualStudioVersion = 10.0.40219.1
Project("{FAE04EC0-301F-11D3-BF4B-00C04F79EFBC}") = "ContractSystem.Core", "Core\ContractSystem.Core.csproj", "{5AC56427-5E96-4ADC-8AA3-75177C2AE342}"
EndProject
Project("{FAE04EC0-301F-11D3-BF4B-00C04F79EFBC}") = "ContractSystem.Services", "ContractSystem.Service\ContractSystem.Services.csproj", "{B1B535DD-517D-4E89-A4E9-B5F64D61E825}"
	ProjectSection(ProjectDependencies) = postProject
		{5AC56427-5E96-4ADC-8AA3-75177C2AE342} = {5AC56427-5E96-4ADC-8AA3-75177C2AE342}
		{EF1C8B32-2D35-4C32-BA47-3BCAB6DCAF34} = {EF1C8B32-2D35-4C32-BA47-3BCAB6DCAF34}
	EndProjectSection
EndProject
Project("{FAE04EC0-301F-11D3-BF4B-00C04F79EFBC}") = "ContractSystem.RepositoriesOld", "ContractSystem.Repository\ContractSystem.RepositoriesOld.csproj", "{EF1C8B32-2D35-4C32-BA47-3BCAB6DCAF34}"
	ProjectSection(ProjectDependencies) = postProject
		{5AC56427-5E96-4ADC-8AA3-75177C2AE342} = {5AC56427-5E96-4ADC-8AA3-75177C2AE342}
	EndProjectSection
EndProject
Project("{FAE04EC0-301F-11D3-BF4B-00C04F79EFBC}") = "ContractSystem._Debug", "ContractSystem.Debug\ContractSystem._Debug.csproj", "{CF33385F-96D7-4FC6-8DAB-F333D69D3908}"
EndProject
Project("{FAE04EC0-301F-11D3-BF4B-00C04F79EFBC}") = "ContractSystem.TelegramBot", "ContractSystem.TelegramBot\ContractSystem.TelegramBot.csproj", "{A03AA4B3-FDB5-406F-9804-DFA3346E38C0}"
EndProject
Global
	GlobalSection(SolutionConfigurationPlatforms) = preSolution
		Debug|Any CPU = Debug|Any CPU
		Release|Any CPU = Release|Any CPU
	EndGlobalSection
	GlobalSection(ProjectConfigurationPlatforms) = postSolution
		{5AC56427-5E96-4ADC-8AA3-75177C2AE342}.Debug|Any CPU.ActiveCfg = Debug|Any CPU
		{5AC56427-5E96-4ADC-8AA3-75177C2AE342}.Debug|Any CPU.Build.0 = Debug|Any CPU
		{5AC56427-5E96-4ADC-8AA3-75177C2AE342}.Release|Any CPU.ActiveCfg = Release|Any CPU
		{5AC56427-5E96-4ADC-8AA3-75177C2AE342}.Release|Any CPU.Build.0 = Release|Any CPU
		{B1B535DD-517D-4E89-A4E9-B5F64D61E825}.Debug|Any CPU.ActiveCfg = Debug|Any CPU
		{B1B535DD-517D-4E89-A4E9-B5F64D61E825}.Debug|Any CPU.Build.0 = Debug|Any CPU
		{B1B535DD-517D-4E89-A4E9-B5F64D61E825}.Release|Any CPU.ActiveCfg = Release|Any CPU
		{B1B535DD-517D-4E89-A4E9-B5F64D61E825}.Release|Any CPU.Build.0 = Release|Any CPU
		{EF1C8B32-2D35-4C32-BA47-3BCAB6DCAF34}.Debug|Any CPU.ActiveCfg = Debug|Any CPU
		{EF1C8B32-2D35-4C32-BA47-3BCAB6DCAF34}.Debug|Any CPU.Build.0 = Debug|Any CPU
		{EF1C8B32-2D35-4C32-BA47-3BCAB6DCAF34}.Release|Any CPU.ActiveCfg = Release|Any CPU
		{EF1C8B32-2D35-4C32-BA47-3BCAB6DCAF34}.Release|Any CPU.Build.0 = Release|Any CPU
		{CF33385F-96D7-4FC6-8DAB-F333D69D3908}.Debug|Any CPU.ActiveCfg = Debug|Any CPU
		{CF33385F-96D7-4FC6-8DAB-F333D69D3908}.Debug|Any CPU.Build.0 = Debug|Any CPU
		{CF33385F-96D7-4FC6-8DAB-F333D69D3908}.Release|Any CPU.ActiveCfg = Release|Any CPU
		{CF33385F-96D7-4FC6-8DAB-F333D69D3908}.Release|Any CPU.Build.0 = Release|Any CPU
		{A03AA4B3-FDB5-406F-9804-DFA3346E38C0}.Debug|Any CPU.ActiveCfg = Debug|Any CPU
		{A03AA4B3-FDB5-406F-9804-DFA3346E38C0}.Debug|Any CPU.Build.0 = Debug|Any CPU
		{A03AA4B3-FDB5-406F-9804-DFA3346E38C0}.Release|Any CPU.ActiveCfg = Release|Any CPU
		{A03AA4B3-FDB5-406F-9804-DFA3346E38C0}.Release|Any CPU.Build.0 = Release|Any CPU
	EndGlobalSection
	GlobalSection(SolutionProperties) = preSolution
		HideSolutionNode = FALSE
	EndGlobalSection
	GlobalSection(ExtensibilityGlobals) = postSolution
		SolutionGuid = {35C778ED-7F20-4E9F-B0D2-4BD7E228FC7F}
	EndGlobalSection
EndGlobal
