
Microsoft Visual Studio Solution File, Format Version 12.00
# Visual Studio Version 17
VisualStudioVersion = 17.14.36429.23
MinimumVisualStudioVersion = 10.0.40219.1
Project("{FAE04EC0-301F-11D3-BF4B-00C04F79EFBC}") = "ContractSystem.Core", "Core\ContractSystem.Core.csproj", "{5AC56427-5E96-4ADC-8AA3-75177C2AE342}"
EndProject
Project("{FAE04EC0-301F-11D3-BF4B-00C04F79EFBC}") = "ContractSystem.Services", "ContractSystem.Service\ContractSystem.Services.csproj", "{B1B535DD-517D-4E89-A4E9-B5F64D61E825}"
	ProjectSection(ProjectDependencies) = postProject
		{5AC56427-5E96-4ADC-8AA3-75177C2AE342} = {5AC56427-5E96-4ADC-8AA3-75177C2AE342}
	EndProjectSection
EndProject
Project("{FAE04EC0-301F-11D3-BF4B-00C04F79EFBC}") = "ContractSystem._Debug", "ContractSystem.Debug\ContractSystem._Debug.csproj", "{CF33385F-96D7-4FC6-8DAB-F333D69D3908}"
EndProject
Project("{FAE04EC0-301F-11D3-BF4B-00C04F79EFBC}") = "ContractSystem.TelegramBot", "ContractSystem.TelegramBot\ContractSystem.TelegramBot.csproj", "{A03AA4B3-FDB5-406F-9804-DFA3346E38C0}"
EndProject
Project("{FAE04EC0-301F-11D3-BF4B-00C04F79EFBC}") = "ContractSystem.WebApp", "ContractSystem.WebApp\ContractSystem.WebApp\ContractSystem.WebApp.csproj", "{A0A54BC1-B6EE-47E2-81BE-30AD02954511}"
EndProject
Project("{FAE04EC0-301F-11D3-BF4B-00C04F79EFBC}") = "ContractSystem.WebApp.Client", "ContractSystem.WebApp\ContractSystem.WebApp.Client\ContractSystem.WebApp.Client.csproj", "{CB4FD529-8CBD-4D03-987C-1BD9B2C0410D}"
EndProject
Project("{FAE04EC0-301F-11D3-BF4B-00C04F79EFBC}") = "ContractSystem.Repositories", "ContractSystem.Repositories\ContractSystem.Repositories.csproj", "{716365AA-80FC-4884-A90C-8E867468E36E}"
EndProject
Project("{2150E333-8FDC-42A3-9474-1A3956D46DE8}") = "Solution Items", "Solution Items", "{02EA681E-C7D8-13C7-8484-4AC65E1B71E8}"
	ProjectSection(SolutionItems) = preProject
		.editorconfig = .editorconfig
	EndProjectSection
EndProject
Project("{FAE04EC0-301F-11D3-BF4B-00C04F79EFBC}") = "ContractSystem.Api", "ContractSystem.Api\ContractSystem.Api.csproj", "{A353FE9B-432A-49DD-91E0-5C07CE616B96}"
EndProject
Global
	GlobalSection(SolutionConfigurationPlatforms) = preSolution
		Debug|Any CPU = Debug|Any CPU
		Release|Any CPU = Release|Any CPU
	EndGlobalSection
	GlobalSection(ProjectConfigurationPlatforms) = postSolution
		{5AC56427-5E96-4ADC-8AA3-75177C2AE342}.Debug|Any CPU.ActiveCfg = Debug|Any CPU
		{5AC56427-5E96-4ADC-8AA3-75177C2AE342}.Debug|Any CPU.Build.0 = Debug|Any CPU
		{5AC56427-5E96-4ADC-8AA3-75177C2AE342}.Release|Any CPU.ActiveCfg = Release|Any CPU
		{5AC56427-5E96-4ADC-8AA3-75177C2AE342}.Release|Any CPU.Build.0 = Release|Any CPU
		{B1B535DD-517D-4E89-A4E9-B5F64D61E825}.Debug|Any CPU.ActiveCfg = Debug|Any CPU
		{B1B535DD-517D-4E89-A4E9-B5F64D61E825}.Debug|Any CPU.Build.0 = Debug|Any CPU
		{B1B535DD-517D-4E89-A4E9-B5F64D61E825}.Release|Any CPU.ActiveCfg = Release|Any CPU
		{B1B535DD-517D-4E89-A4E9-B5F64D61E825}.Release|Any CPU.Build.0 = Release|Any CPU
		{CF33385F-96D7-4FC6-8DAB-F333D69D3908}.Debug|Any CPU.ActiveCfg = Debug|Any CPU
		{CF33385F-96D7-4FC6-8DAB-F333D69D3908}.Debug|Any CPU.Build.0 = Debug|Any CPU
		{CF33385F-96D7-4FC6-8DAB-F333D69D3908}.Release|Any CPU.ActiveCfg = Release|Any CPU
		{CF33385F-96D7-4FC6-8DAB-F333D69D3908}.Release|Any CPU.Build.0 = Release|Any CPU
		{A03AA4B3-FDB5-406F-9804-DFA3346E38C0}.Debug|Any CPU.ActiveCfg = Debug|Any CPU
		{A03AA4B3-FDB5-406F-9804-DFA3346E38C0}.Debug|Any CPU.Build.0 = Debug|Any CPU
		{A03AA4B3-FDB5-406F-9804-DFA3346E38C0}.Release|Any CPU.ActiveCfg = Release|Any CPU
		{A03AA4B3-FDB5-406F-9804-DFA3346E38C0}.Release|Any CPU.Build.0 = Release|Any CPU
		{A0A54BC1-B6EE-47E2-81BE-30AD02954511}.Debug|Any CPU.ActiveCfg = Debug|Any CPU
		{A0A54BC1-B6EE-47E2-81BE-30AD02954511}.Debug|Any CPU.Build.0 = Debug|Any CPU
		{A0A54BC1-B6EE-47E2-81BE-30AD02954511}.Release|Any CPU.ActiveCfg = Release|Any CPU
		{A0A54BC1-B6EE-47E2-81BE-30AD02954511}.Release|Any CPU.Build.0 = Release|Any CPU
		{CB4FD529-8CBD-4D03-987C-1BD9B2C0410D}.Debug|Any CPU.ActiveCfg = Debug|Any CPU
		{CB4FD529-8CBD-4D03-987C-1BD9B2C0410D}.Debug|Any CPU.Build.0 = Debug|Any CPU
		{CB4FD529-8CBD-4D03-987C-1BD9B2C0410D}.Release|Any CPU.ActiveCfg = Release|Any CPU
		{CB4FD529-8CBD-4D03-987C-1BD9B2C0410D}.Release|Any CPU.Build.0 = Release|Any CPU
		{716365AA-80FC-4884-A90C-8E867468E36E}.Debug|Any CPU.ActiveCfg = Debug|Any CPU
		{716365AA-80FC-4884-A90C-8E867468E36E}.Debug|Any CPU.Build.0 = Debug|Any CPU
		{716365AA-80FC-4884-A90C-8E867468E36E}.Release|Any CPU.ActiveCfg = Release|Any CPU
		{716365AA-80FC-4884-A90C-8E867468E36E}.Release|Any CPU.Build.0 = Release|Any CPU
		{A353FE9B-432A-49DD-91E0-5C07CE616B96}.Debug|Any CPU.ActiveCfg = Debug|Any CPU
		{A353FE9B-432A-49DD-91E0-5C07CE616B96}.Debug|Any CPU.Build.0 = Debug|Any CPU
		{A353FE9B-432A-49DD-91E0-5C07CE616B96}.Release|Any CPU.ActiveCfg = Release|Any CPU
		{A353FE9B-432A-49DD-91E0-5C07CE616B96}.Release|Any CPU.Build.0 = Release|Any CPU
	EndGlobalSection
	GlobalSection(SolutionProperties) = preSolution
		HideSolutionNode = FALSE
	EndGlobalSection
	GlobalSection(ExtensibilityGlobals) = postSolution
		SolutionGuid = {35C778ED-7F20-4E9F-B0D2-4BD7E228FC7F}
	EndGlobalSection
EndGlobal
